version = 1
revision = 3
requires-python = "==3.14.*"

[options]
exclude-newer = "0001-01-01T00:00:00Z" # This has no effect and is included for backwards compatibility when using relative exclude-newer values.
exclude-newer-span = "P7D"

[[package]]
name = "asgiref"
version = "3.12.1"
source = { registry = "https://pypi.org/simple" }
sdist = { url = "https://files.pythonhosted.org/packages/e6/26/3b59f2bdae5f640389becb1f673cded775287f5fc4f816309d9ca9a3f93d/asgiref-3.12.1.tar.gz", hash = "sha256:59dcb51c272ad209d59bed5708a64a333083e86017d7fcdd67498eeab7784340", size = 42378, upload-time = "2026-07-14T09:56:18.087Z" }
wheels = [
    { url = "https://files.pythonhosted.org/packages/c0/1b/54f4ad77cd8a584fa70746c47df988e002cf1ee1eba43364d46f87803647/asgiref-3.12.1-py3-none-any.whl", hash = "sha256:fe386d1c2bff7259ea95929266d12a8cf9a8b5a1c2598402967d8792e7a7c094", size = 25478, upload-time = "2026-07-14T09:56:16.926Z" },
]

[[package]]
name = "certifi"
version = "2026.7.22"
source = { registry = "https://pypi.org/simple" }
sdist = { url = "https://files.pythonhosted.org/packages/a3/c2/24167ea9858356b47a87a50d39908bfdb72ceeefe0041586e704e5376b3a/certifi-2026.7.22.tar.gz", hash = "sha256:741e2c3b351ddf169a738da9f2c048608ff7f2c5cc02f1ebc6b118bb090d5d55", size = 138112, upload-time = "2026-07-22T03:35:12.644Z" }
wheels = [
    { url = "https://files.pythonhosted.org/packages/0b/a7/71ac2cff56fec219ed242bb11b8efb69fcc4bec75db06fb7bfe35de520e6/certifi-2026.7.22-py3-none-any.whl", hash = "sha256:62f22742b58a1a33014a2b6b706588a8d7e2a88ae7bd1a6ebe8c992928483775", size = 136983, upload-time = "2026-07-22T03:35:11.276Z" },
]

[[package]]
name = "charset-normalizer"
version = "3.5.1"
source = { registry = "https://pypi.org/simple" }
sdist = { url = "https://files.pythonhosted.org/packages/e5/3f/143b048436775b0f76ac3eec145c019e8173ccc2885c8f20319b996d5e83/charset_normalizer-3.5.1.tar.gz", hash = "sha256:6117b84ea48435e5356dc737f5121485c30920ba43375fa7b434fd753df0eac3", size = 171764, upload-time = "2026-08-15T08:20:44.807Z" }
wheels = [
    { url = "https://files.pythonhosted.org/packages/29/cd/2b812ce5e888f1ce69a5350281e58aab07ae64a958ecae8912f30865718e/charset_normalizer-3.5.1-cp314-cp314-android_24_arm64_v8a.whl", hash = "sha256:774d157f112367ff4abd29019f38f023c24e00e56edc7829c20e358a5a913ad8", size = 212318, upload-time = "2026-08-15T08:18:04.403Z" },
    { url = "https://files.pythonhosted.org/packages/9e/4a/a6ee107430768a5334e6d63f31f148a04a1a491ef161a1ac9415a73f2fa8/charset_normalizer-3.5.1-cp314-cp314-android_24_x86_64.whl", hash = "sha256:26422d45fd13551cf564c58932f7d72b4f58b93b0fcf18c35ba6be12b46bb102", size = 224897, upload-time = "2026-08-15T08:18:05.997Z" },
    { url = "https://files.pythonhosted.org/packages/c3/d9/35ae3f64f29d0179c35c3baefe575904df2913dde519129c7f75995a2b1d/charset_normalizer-3.5.1-cp314-cp314-ios_13_0_arm64_iphoneos.whl", hash = "sha256:09a7bba9f739468c8e78c36a75c33768e53cb1959fc638f510454c14683f00d5", size = 194848, upload-time = "2026-08-15T08:18:07.397Z" },
    { url = "https://files.pythonhosted.org/packages/74/76/f2fc7380f056cc273a53af37f50d08ad54b2c59f61078f31432edcf1c2bd/charset_normalizer-3.5.1-cp314-cp314-ios_13_0_arm64_iphonesimulator.whl", hash = "sha256:4c9548dc78002099910abaebc0a72ac58b7d30931869e0351c09b507dff4ece3", size = 198163, upload-time = "2026-08-15T08:18:08.989Z" },
    { url = "https://files.pythonhosted.org/packages/e9/40/095ce62fa078483cccc1fa2b36e6bc9580b85422a20ee9f925341c50e44f/charset_normalizer-3.5.1-cp314-cp314-macosx_10_15_universal2.whl", hash = "sha256:c428c6c31eb5f4277d7f8eccaf767fbd548ddd5ce3c8b4f4cbbfab3d96b5904c", size = 341823, upload-time = "2026-08-15T08:18:10.458Z" },
    { url = "https://files.pythonhosted.org/packages/f1/5a/0e58b1c04a1596e0256f407274a92d5fb2ee21324409d1fab1da48a65b5b/charset_normalizer-3.5.1-cp314-cp314-manylinux2014_aarch64.manylinux_2_17_aarch64.manylinux_2_28_aarch64.whl", hash = "sha256:2f06b7eae9dbe77fe1d644ca244dad508de8d302870a43f3c559b521270938a0", size = 242458, upload-time = "2026-08-15T08:18:11.989Z" },
    { url = "https://files.pythonhosted.org/packages/22/95/b4618ce912e6db0b1aae89ba788e38e8a7eba0f3025cc66e8c0699f977b2/charset_normalizer-3.5.1-cp314-cp314-manylinux2014_armv7l.manylinux_2_17_armv7l.manylinux_2_31_armv7l.whl", hash = "sha256:6b7430cf5728e68f6c462254009a6ef4086e1bea43cf2f57aa9c55fb4f50ff96", size = 226717, upload-time = "2026-08-15T08:18:13.401Z" },
    { url = "https://files.pythonhosted.org/packages/8a/76/c681192bbda3d55356db5dadd64381d5202b37c6b598fcda5282e88b5d3d/charset_normalizer-3.5.1-cp314-cp314-manylinux2014_ppc64le.manylinux_2_17_ppc64le.manylinux_2_28_ppc64le.whl", hash = "sha256:ab743e9bc90c1f73552ec33e10e3331315acd2c397b36065b591b0181de533cc", size = 266111, upload-time = "2026-08-15T08:18:14.961Z" },
    { url = "https://files.pythonhosted.org/packages/88/be/55127bfca72c0cff6c022488d140d7c5b04c771e3b72e9bdb4836d54979d/charset_normalizer-3.5.1-cp314-cp314-manylinux2014_s390x.manylinux_2_17_s390x.manylinux_2_28_s390x.whl", hash = "sha256:f6f7deae3feb4edfa2efaf7c574fe88cbf055038a6abdb40188e4fff66d5699f", size = 263128, upload-time = "2026-08-15T08:18:16.515Z" },
    { url = "https://files.pythonhosted.org/packages/e0/91/39c3af510b0aa32bbda03374259200f28430febfd1bf5e511fe765282ce5/charset_normalizer-3.5.1-cp314-cp314-manylinux2014_x86_64.manylinux_2_17_x86_64.manylinux_2_28_x86_64.whl", hash = "sha256:15f024313246a4ed976c60f440bb8d257815513a681d212ff74fd46f7d715a90", size = 251240, upload-time = "2026-08-15T08:18:18.127Z" },
    { url = "https://files.pythonhosted.org/packages/1c/a5/cbe418bbc6ecdfc3e05a0116002897c4b403a5e838d697e64c78e9f0190d/charset_normalizer-3.5.1-cp314-cp314-manylinux_2_31_riscv64.manylinux_2_39_riscv64.whl", hash = "sha256:823f82903d189af463d7df250ef1f7f696f3cee08cc8d91deb565e8d425f6506", size = 245282, upload-time = "2026-08-15T08:18:19.625Z" },
    { url = "https://files.pythonhosted.org/packages/cc/a4/689bb42e8e7cd492f3cb64907c6bc00ad247ec9a3628cd3f8eed126e8ae1/charset_normalizer-3.5.1-cp314-cp314-musllinux_1_2_aarch64.whl", hash = "sha256:01e93745f7f219b703b60ba7afead36cfc4242782be5af484673fc500df12da5", size = 244597, upload-time = "2026-08-15T08:18:21.121Z" },
    { url = "https://files.pythonhosted.org/packages/c1/ce/9962938e179cf9f699d3f1e7b3114b5d7642dee6a893745229f9dd04f274/charset_normalizer-3.5.1-cp314-cp314-musllinux_1_2_armv7l.whl", hash = "sha256:329fc3ccb63ad22d867d84c2adea759a64079a37ba4a343433b02c7a2816871e", size = 231376, upload-time = "2026-08-15T08:18:22.57Z" },
    { url = "https://files.pythonhosted.org/packages/85/54/46000450ada53bd9eac5429a2c8c54cd2d9b39c0c255f229aea9af0948a5/charset_normalizer-3.5.1-cp314-cp314-musllinux_1_2_ppc64le.whl", hash = "sha256:bb57753e36e4855b8ca375069482250a6246372331a3e4f3407eaebb007443f5", size = 266715, upload-time = "2026-08-15T08:18:24.235Z" },
    { url = "https://files.pythonhosted.org/packages/3d/bb/618749d70f792b44252a777bf89bfb86823b9bbc1ea13fe8ce759b07f38a/charset_normalizer-3.5.1-cp314-cp314-musllinux_1_2_riscv64.whl", hash = "sha256:fce8cbd4997efeb450bd298b54f755dcdff18d496f7a5ddbb4867c6d7c88fdc3", size = 245848, upload-time = "2026-08-15T08:18:25.726Z" },
    { url = "https://files.pythonhosted.org/packages/7e/3f/ffb64458527c7668031d5eb095d978de561958dc9f5b53f8e488a533e603/charset_normalizer-3.5.1-cp314-cp314-musllinux_1_2_s390x.whl", hash = "sha256:6c9cdde8becb25a7fde49924511aa2644d6f8081cc8df8e9452724303348d8e3", size = 264521, upload-time = "2026-08-15T08:18:27.193Z" },
    { url = "https://files.pythonhosted.org/packages/4f/ab/74a55fd803916a35ac461daf002708191aac19b546b80dc8cabfedc63d98/charset_normalizer-3.5.1-cp314-cp314-musllinux_1_2_x86_64.whl", hash = "sha256:9ac4444d8d4fd4c4bd08bf451ed3167aa9e7ec6cdb41b648794f1d1103652e36", size = 253054, upload-time = "2026-08-15T08:18:28.568Z" },
    { url = "https://files.pythonhosted.org/packages/a0/2a/6a9034b7d3c60b17499afb482df5878bf9fa20b50cc3887d5ef017a833db/charset_normalizer-3.5.1-cp314-cp314-pyemscripten_2026_0_wasm32.whl", hash = "sha256:f03ac127268b43ef4fe9e6ab6794a6794b49485a0cc0c1db79876d2f33f75bc7", size = 140580, upload-time = "2026-08-15T08:18:30.214Z" },
    { url = "https://files.pythonhosted.org/packages/f3/46/1d362e1a00d035d66b9869e1281eee115907f7e390a16a07824ab5737360/charset_normalizer-3.5.1-cp314-cp314-win32.whl", hash = "sha256:1f5883d77fd409a261abb5dc8ccbe335720d798b1de4abb3b1d47ccbbc76b53b", size = 180325, upload-time = "2026-08-15T08:18:31.877Z" },
    { url = "https://files.pythonhosted.org/packages/7a/7c/4938c329b6a9d446f6a59aa2092ff7118f274209b5ed0e26893d1d30a63c/charset_normalizer-3.5.1-cp314-cp314-win_amd64.whl", hash = "sha256:c658c50ac0c98cd755a2dd50b7977d3bca7df401dcc47fbdfa87db53ef7d4e8b", size = 204175, upload-time = "2026-08-15T08:18:33.466Z" },
    { url = "https://files.pythonhosted.org/packages/ac/33/eeb384dbd8dec570661354592f4f2e1b2fcc92585624d146a000caf53841/charset_normalizer-3.5.1-cp314-cp314-win_arm64.whl", hash = "sha256:4bea7f8ebe90bbd7f0e4a2de42ca6924ba23e3e76418c408ff82f1d46fabd687", size = 184123, upload-time = "2026-08-15T08:18:34.913Z" },
    { url = "https://files.pythonhosted.org/packages/1c/6c/c73fa9d5a85f6ab05395de61c5f6984e0a9ff40bb5ff888d46dff02526c6/charset_normalizer-3.5.1-cp314-cp314t-macosx_10_15_universal2.whl", hash = "sha256:fbc597639158fd7c14d55e808718848319540f51b0e6746e3eefa59723a4a348", size = 381682, upload-time = "2026-08-15T08:18:36.349Z" },
    { url = "https://files.pythonhosted.org/packages/30/c7/63565f860921457feba93bae6c86fb7746deb4cffeed2f375cb845318146/charset_normalizer-3.5.1-cp314-cp314t-manylinux2014_aarch64.manylinux_2_17_aarch64.manylinux_2_28_aarch64.whl", hash = "sha256:e71c909f353863b2b89c83de2ebed71ea6d0df8a6ef65a128193c5e650766bef", size = 240826, upload-time = "2026-08-15T08:18:37.887Z" },
    { url = "https://files.pythonhosted.org/packages/06/ae/7ae8807410dfa33f8e6f1715740adeaafa8a816cc4cb33508f54b1f7c896/charset_normalizer-3.5.1-cp314-cp314t-manylinux2014_armv7l.manylinux_2_17_armv7l.manylinux_2_31_armv7l.whl", hash = "sha256:7ac76cf9afd34929d76eb7fcb63be476a4853d8a96f0dcf2d0db68a0cbdf9885", size = 227861, upload-time = "2026-08-15T08:18:39.315Z" },
    { url = "https://files.pythonhosted.org/packages/e9/a3/887c1642f0da26000b0e0652d91071113c0e72cea33952e225cf589f49a9/charset_normalizer-3.5.1-cp314-cp314t-manylinux2014_ppc64le.manylinux_2_17_ppc64le.manylinux_2_28_ppc64le.whl", hash = "sha256:a3a370082ce34d0612f421e15fe011c53bb1feff21a26d06ad4fb244dab5a375", size = 260758, upload-time = "2026-08-15T08:18:40.88Z" },
    { url = "https://files.pythonhosted.org/packages/3e/11/e6f5b9a3d0e55b0ef7505cd3765cdd48f22db89994c947b316f52f801fd8/charset_normalizer-3.5.1-cp314-cp314t-manylinux2014_s390x.manylinux_2_17_s390x.manylinux_2_28_s390x.whl", hash = "sha256:256dd4d85d9e4dc595e2bc983c980e73f62ddeb3165c58b4c3dfe78c5c8548c1", size = 259950, upload-time = "2026-08-15T08:18:42.351Z" },
    { url = "https://files.pythonhosted.org/packages/1b/ee/e4e10a94d51cd1ee638aa7e00b65399e6b2a4e8376ab6d2eac9f95586671/charset_normalizer-3.5.1-cp314-cp314t-manylinux2014_x86_64.manylinux_2_17_x86_64.manylinux_2_28_x86_64.whl", hash = "sha256:58d4aa13a59c969dbfdf9e6a9560e242cbfd9e8a8f50c2747714df1a423adf65", size = 249329, upload-time = "2026-08-15T08:18:43.914Z" },
    { url = "https://files.pythonhosted.org/packages/c4/25/d5f4198819e6059735a84e8d0bfb72dc33976da67b97adcd3fb5a5e07ec6/charset_normalizer-3.5.1-cp314-cp314t-manylinux_2_31_riscv64.manylinux_2_39_riscv64.whl", hash = "sha256:0c6dfb5ca6723eeed15aa8e564a014d69fcb8812f94eef11fe3631e0508199f5", size = 243137, upload-time = "2026-08-15T08:18:45.368Z" },
    { url = "https://files.pythonhosted.org/packages/a5/e9/e925ca7569cf9fb9701fd82503fee73eea5268fdb856bdd64947092d3daa/charset_normalizer-3.5.1-cp314-cp314t-musllinux_1_2_aarch64.whl", hash = "sha256:c010f5581d9c612804cc59fcf7b524b707fbcb72828551237ab545bb5c7034af", size = 242820, upload-time = "2026-08-15T08:18:46.842Z" },
    { url = "https://files.pythonhosted.org/packages/34/17/672c251a888ed2aebcdd2fe830ad0104e25ff83c43f5c4f9c15e9fc6853c/charset_normalizer-3.5.1-cp314-cp314t-musllinux_1_2_armv7l.whl", hash = "sha256:52ec005752a56ae79547a05c0139ca2501a0c866390b6115008456b9f0e7cde1", size = 230504, upload-time = "2026-08-15T08:18:48.353Z" },
    { url = "https://files.pythonhosted.org/packages/3f/fc/f6a85abebd42ce4da2f1db0aa56cc6a0df1995e318b3875d14401b8381d1/charset_normalizer-3.5.1-cp314-cp314t-musllinux_1_2_ppc64le.whl", hash = "sha256:2bced4061f000f7187254a02ad3433ae17eaf991747ceea2f478422590a5bba9", size = 263087, upload-time = "2026-08-15T08:18:49.859Z" },
    { url = "https://files.pythonhosted.org/packages/98/66/7c42677e739ba66746b297e2046918d793078094dc239e1e72768cffccc6/charset_normalizer-3.5.1-cp314-cp314t-musllinux_1_2_riscv64.whl", hash = "sha256:9eea3ab2597a5e65fe65296e2d6a84570845a6b55532d90333d740d48bbc850a", size = 243269, upload-time = "2026-08-15T08:18:51.601Z" },
    { url = "https://files.pythonhosted.org/packages/de/d8/a50b79237f417af10f8c2a501ce8d1ca87829a22e69117891ca4ba20a69e/charset_normalizer-3.5.1-cp314-cp314t-musllinux_1_2_s390x.whl", hash = "sha256:496846868fea80e479324862fa877f02411f2fd0f83b79ccee2607aa68b2a032", size = 258766, upload-time = "2026-08-15T08:18:53.23Z" },
    { url = "https://files.pythonhosted.org/packages/2e/1d/0fc91aeaeb3c83b748f532399ce67cf84604b48297405d740000f7a9e786/charset_normalizer-3.5.1-cp314-cp314t-musllinux_1_2_x86_64.whl", hash = "sha256:85d5855daafc240cc045c026d7a15fd198a09b0fc8ff6f5ecbb5297b509cb11e", size = 250814, upload-time = "2026-08-15T08:18:54.768Z" },
    { url = "https://files.pythonhosted.org/packages/ae/10/3d8c777cf9024615295aa1b808324ad5b4a77855869c00824bad74ffaf8a/charset_normalizer-3.5.1-cp314-cp314t-win32.whl", hash = "sha256:58d3e12c88e0950bca850ae1f7c256055c097639c2edb9eb123af9807d8b15e4", size = 191074, upload-time = "2026-08-15T08:18:56.305Z" },
    { url = "https://files.pythonhosted.org/packages/4d/81/ae557d3c44d1a1d688696d60563413a0866a91b7ebc50f20df838be3d8c8/charset_normalizer-3.5.1-cp314-cp314t-win_amd64.whl", hash = "sha256:acaf604462bf330b0d07e7a07c1d6e4adac79e5fb13e9c5140590542cafacc00", size = 216476, upload-time = "2026-08-15T08:18:57.889Z" },
    { url = "https://files.pythonhosted.org/packages/27/e9/61c01fb8b804692569c036b3fc50495814502dcf13a60649c6055390b02c/charset_normalizer-3.5.1-cp314-cp314t-win_arm64.whl", hash = "sha256:fdb8a068947befafba9952162645dc2fecaeb400e64584829ed5e9b2fbe21a7f", size = 194115, upload-time = "2026-08-15T08:18:59.418Z" },
    { url = "https://files.pythonhosted.org/packages/5b/97/fb4e82231aba271ffd775a1b4993b0defc4e3059f286ae41d9433409fe85/charset_normalizer-3.5.1-cp37-abi3-macosx_10_9_universal2.whl", hash = "sha256:41876ee62a3dddf48ff1121ad8f0798032aa03f2fd35f21f34a4cab14f18d8d2", size = 331467, upload-time = "2026-08-15T08:19:50.959Z" },
    { url = "https://files.pythonhosted.org/packages/9f/2f/fe3f187327aac18e2d54e9d2b08e15d27bf9b642d9e51c219f130fc34d1a/charset_normalizer-3.5.1-cp37-abi3-manylinux1_x86_64.manylinux_2_28_x86_64.manylinux_2_5_x86_64.whl", hash = "sha256:a6dac12ff6b846103483683f60c5f8fee205121adc58ffd87e90a90a3af69e99", size = 253057, upload-time = "2026-08-15T08:19:52.654Z" },
    { url = "https://files.pythonhosted.org/packages/d7/c7/9e48cee5c161fe24da823b61bf381921d77cb994a0a4de148e95018c1984/charset_normalizer-3.5.1-cp37-abi3-manylinux2014_aarch64.manylinux_2_17_aarch64.manylinux_2_28_aarch64.whl", hash = "sha256:cee5dd7c6fb5dd52a0fe2a740f9bc6e3593f5f8b1788bde49de02086f30182b2", size = 240930, upload-time = "2026-08-15T08:19:54.163Z" },
    { url = "https://files.pythonhosted.org/packages/49/e0/716601f3cc69be7b198951150c75ead1ece33c3c8036ff6ffa46029659a0/charset_normalizer-3.5.1-cp37-abi3-manylinux2014_armv7l.manylinux_2_17_armv7l.manylinux_2_31_armv7l.whl", hash = "sha256:343fb4f2821043bd87095f7b08a1a181febc8e36ac64212143bbfd0a0e1bc235", size = 230822, upload-time = "2026-08-15T08:19:55.807Z" },
    { url = "https://files.pythonhosted.org/packages/d3/05/71bfc5caa0abcc45aea1f6a4d50ac68e59605ddc7666fe8494f4cd229665/charset_normalizer-3.5.1-cp37-abi3-manylinux2014_ppc64le.manylinux_2_17_ppc64le.manylinux_2_28_ppc64le.whl", hash = "sha256:ae4a097991662cd4fff0ddc74e0fe7874f82e00042fa0ea00855645ed0c79598", size = 260037, upload-time = "2026-08-15T08:19:57.312Z" },
    { url = "https://files.pythonhosted.org/packages/c3/92/de7e32ed05341e7a9c4c877c318418197b7f2d66a3b68d561bf2ac57ca3e/charset_normalizer-3.5.1-cp37-abi3-manylinux2014_s390x.manylinux_2_17_s390x.manylinux_2_28_s390x.whl", hash = "sha256:4b599739b93b2cbeded49645ae3c8d1405c29ddfbceac1545c87a3f9580a9e96", size = 255097, upload-time = "2026-08-15T08:19:59.056Z" },
    { url = "https://files.pythonhosted.org/packages/f5/7b/ade0a122600319dfa0b1000ab0f9731c94a817904cf3c5de408c73a4ede7/charset_normalizer-3.5.1-cp37-abi3-manylinux_2_31_riscv64.manylinux_2_39_riscv64.whl", hash = "sha256:b39b69b347e5e47a3b5b8cfc005c68c1ba347474e3960236c4944a8ecd174962", size = 250166, upload-time = "2026-08-15T08:20:00.612Z" },
    { url = "https://files.pythonhosted.org/packages/75/9c/019fbb9f4834491a160951349b1a3714439376f66e5f7cf18b4f18f0c7aa/charset_normalizer-3.5.1-cp37-abi3-musllinux_1_2_aarch64.whl", hash = "sha256:a2028475ba855475b8b4d3cfeb4994269c967aea8b9892dfba907f4263a863a3", size = 241821, upload-time = "2026-08-15T08:20:02.321Z" },
    { url = "https://files.pythonhosted.org/packages/2b/b8/11d4840bfc99330cc7fbcc2681ee5a044553a6e77655508d8f9b2bff7b34/charset_normalizer-3.5.1-cp37-abi3-musllinux_1_2_armv7l.whl", hash = "sha256:36047af20e17097c3bb9476c2b7655f2f7aa51322c0ba58c07695bedf755a950", size = 232529, upload-time = "2026-08-15T08:20:04.008Z" },
    { url = "https://files.pythonhosted.org/packages/18/96/2b3a21492d9f65171ac75d872f5018260013d00bfa0ff70ec9f179148cbd/charset_normalizer-3.5.1-cp37-abi3-musllinux_1_2_ppc64le.whl", hash = "sha256:4c4fb141a727957c93edfe5c32a26ceb6b5f6461d67146e2d39f51e16170bea8", size = 260348, upload-time = "2026-08-15T08:20:05.877Z" },
    { url = "https://files.pythonhosted.org/packages/d6/aa/a69a2028e8bd052476c245460ab19d7de595de084dd968f2d75cd50c3e25/charset_normalizer-3.5.1-cp37-abi3-musllinux_1_2_riscv64.whl", hash = "sha256:2f293479cce755c75f1697e87c409b7ae4c555c7dfecb6e988ad13abba943031", size = 247234, upload-time = "2026-08-15T08:20:07.487Z" },
    { url = "https://files.pythonhosted.org/packages/35/8a/3d130aeabcaf3d2466af76b7b141c08d9e89c9016ab4b7cdd0f7dc2d1c62/charset_normalizer-3.5.1-cp37-abi3-musllinux_1_2_s390x.whl", hash = "sha256:3588e376b3ea2eea84976f67273d679f229e24c66dce7b82ae45aef04ff6e072", size = 256917, upload-time = "2026-08-15T08:20:09.142Z" },
    { url = "https://files.pythonhosted.org/packages/80/c2/a7379b840292d0c1ab9fbd17d1f3967aa81794dc95bc74be8999d7fedcf7/charset_normalizer-3.5.1-cp37-abi3-musllinux_1_2_x86_64.whl", hash = "sha256:e199fb99720074809a7720f1c0b4d919eea8b87e88713e0f8f602f7bef543d9d", size = 254846, upload-time = "2026-08-15T08:20:10.727Z" },
    { url = "https://files.pythonhosted.org/packages/01/65/d43b714731bb2f40d4053dfa00ecfc1c5a301f8e3316c5db3a09af59fe94/charset_normalizer-3.5.1-cp37-abi3-win32.whl", hash = "sha256:dd732602a7009217f658d5863d12d79d373a4de0eebc111094bcdd3bb8e0a6cc", size = 174216, upload-time = "2026-08-15T08:20:12.334Z" },
    { url = "https://files.pythonhosted.org/packages/35/4f/b911ed898b26a09789eba9c9200c999aff6c61b4bafaf4838e56d1a1e1a3/charset_normalizer-3.5.1-cp37-abi3-win_amd64.whl", hash = "sha256:70055ff39b97c99e7ae40ea3e393fb62aa2e44dbd9b29f8d14f42fb0025c3959", size = 199764, upload-time = "2026-08-15T08:20:13.908Z" },
    { url = "https://files.pythonhosted.org/packages/f0/a7/920baf467bfd9bf689f3b318340f37aee4572a71f162bd8db51da55ba4fa/charset_normalizer-3.5.1-cp37-abi3-win_arm64.whl", hash = "sha256:87e4f41d375c0b9be2fb5251aee4b8a689169e134535aed81bf085c3b647451e", size = 287318, upload-time = "2026-08-15T08:20:15.551Z" },
    { url = "https://files.pythonhosted.org/packages/cc/61/d01fc49b8dea277640b55a9e15960dbca9fdc8c9fde18e572d39c59f4019/charset_normalizer-3.5.1-py3-none-any.whl", hash = "sha256:6df0ec430f9a831772c23ca5a224cba36517a58a84bb32c32bb59a9fa67c47f6", size = 68658, upload-time = "2026-08-15T08:20:43.306Z" },
]

[[package]]
name = "django"
version = "6.1.1"
source = { registry = "https://pypi.org/simple" }
dependencies = [
    { name = "asgiref" },
    { name = "sqlparse" },
    { name = "tzdata", marker = "sys_platform == 'win32'" },
]
sdist = { url = "https://files.pythonhosted.org/packages/f8/d4/8314b5bdef20832f0ac6ae3b3e4d4924e4759fa3b4af27609dd747e7a6be/django-6.1.1.tar.gz", hash = "sha256:7ab93536d8e677aa14554c56426290c69480bf2ee68d7513d4a22f57d6bfeb84", size = 11284905, upload-time = "2026-09-02T17:20:45.621Z" }
wheels = [
    { url = "https://files.pythonhosted.org/packages/8d/ca/c1040a4fd15754ede7df15fd72fc2e123045b473b253ab5f5284e11c651e/django-6.1.1-py3-none-any.whl", hash = "sha256:585fb82bf15053c42cf52e67c2f1b54a032dca384759315fd6678ab1870d1d72", size = 8419512, upload-time = "2026-09-02T17:20:39.153Z" },
]

[[package]]
name = "django-cors-headers"
version = "4.9.0"
source = { registry = "https://pypi.org/simple" }
dependencies = [
    { name = "asgiref" },
    { name = "django" },
]
sdist = { url = "https://files.pythonhosted.org/packages/21/39/55822b15b7ec87410f34cd16ce04065ff390e50f9e29f31d6d116fc80456/django_cors_headers-4.9.0.tar.gz", hash = "sha256:fe5d7cb59fdc2c8c646ce84b727ac2bca8912a247e6e68e1fb507372178e59e8", size = 21458, upload-time = "2025-09-18T10:40:52.326Z" }
wheels = [
    { url = "https://files.pythonhosted.org/packages/30/d8/19ed1e47badf477d17fb177c1c19b5a21da0fd2d9f093f23be3fb86c5fab/django_cors_headers-4.9.0-py3-none-any.whl", hash = "sha256:15c7f20727f90044dcee2216a9fd7303741a864865f0c3657e28b7056f61b449", size = 12809, upload-time = "2025-09-18T10:40:50.843Z" },
]

[[package]]
name = "django-filter"
version = "26.1"
source = { registry = "https://pypi.org/simple" }
dependencies = [
    { name = "django" },
]
sdist = { url = "https://files.pythonhosted.org/packages/cb/3e/563965173d4cbb5fc308087e7b3d11a115b7b67273d093622480b1e31f78/django_filter-26.1.tar.gz", hash = "sha256:66ea04031b068c77c86e1ac26ced7a3f8f13ce797f5795751707e3deefc58054", size = 144299, upload-time = "2026-07-11T09:27:02.767Z" }
wheels = [
    { url = "https://files.pythonhosted.org/packages/1f/01/afffed1e3c4540fb75bf550a18b6176a9f6371b5f3e52b69a28995b6480c/django_filter-26.1-py3-none-any.whl", hash = "sha256:7d98ef2899218e6242619b532cb1b95af14e09dfcf74844aecb550ad27b59ff2", size = 94069, upload-time = "2026-07-11T09:27:01.012Z" },
]

[[package]]
name = "djangorestframework"
version = "3.18.1"
source = { registry = "https://pypi.org/simple" }
dependencies = [
    { name = "django" },
]
sdist = { url = "https://files.pythonhosted.org/packages/8a/2e/b3ce9d449b1ed9f9dd74fb7dfbc5f20860d5f40c2b4b10a2c3eabd8ff579/djangorestframework-3.18.1.tar.gz", hash = "sha256:605d79fa2ec2f02905492e5ea13d903c2d842d0b4c915a57f7bf02ab9f3c91dd", size = 915653, upload-time = "2026-09-07T18:04:08.288Z" }
wheels = [
    { url = "https://files.pythonhosted.org/packages/e8/83/5ed615e47339d8e65f62eb1a8133f8f046492eb3a25ad40d90acb9a208b3/djangorestframework-3.18.1-py3-none-any.whl", hash = "sha256:f1409d698967aaf82d5d98d76b549c8fba8bd92ebd0d83d24454508f72168dc2", size = 901373, upload-time = "2026-09-07T18:04:06.237Z" },
]

[[package]]
name = "faker"
version = "40.38.0"
source = { registry = "https://pypi.org/simple" }
dependencies = [
    { name = "tzdata", marker = "sys_platform == 'win32'" },
]
sdist = { url = "https://files.pythonhosted.org/packages/f2/55/baeae0ecb04ef56c92d6ac1ef7b3b965af0502ac9863fc85db7afc0884fd/faker-40.38.0.tar.gz", hash = "sha256:72e421098664edf38478f4269a5d5a539337de5da18883ce67cb1e6bb96b0b3a", size = 2029190, upload-time = "2026-09-01T19:19:46.958Z" }
wheels = [
    { url = "https://files.pythonhosted.org/packages/f1/b8/48cb8733de8448023983f64e81d7f731ce1459c21e93b9b29657e5c48cab/faker-40.38.0-py3-none-any.whl", hash = "sha256:69927515d61759c8a257540b8a91891cd622ba1c24a386b62a0a777e44ba46a9", size = 2065931, upload-time = "2026-09-01T19:19:45.234Z" },
]

[[package]]
name = "gunicorn"
version = "26.2.0"
source = { registry = "https://pypi.org/simple" }
sdist = { url = "https://files.pythonhosted.org/packages/d9/8a/e4ef6ee11701b6cd64702848415ffb69eeff85cb388a3c6c7fe86f22f3f8/gunicorn-26.2.0.tar.gz", hash = "sha256:62b864895d9ebff0b2f9867ba04fe811c93121596540830c9c916d0769668447", size = 787921, upload-time = "2026-08-24T15:05:59.3Z" }
wheels = [
    { url = "https://files.pythonhosted.org/packages/fe/85/7522a52e5e2f42faf1a129113ab63e548c42e103e9af395b7bfe65e403e2/gunicorn-26.2.0-py3-none-any.whl", hash = "sha256:bd249d0b3f7972f7432f0a6b6ff3b3ee2d129f70cd1ff6c09a9dd9e29a2b88e3", size = 228389, upload-time = "2026-08-24T15:05:57.67Z" },
]

[[package]]
name = "idna"
version = "3.19"
source = { registry = "https://pypi.org/simple" }
sdist = { url = "https://files.pythonhosted.org/packages/5f/f7/abb373e5757eaec4b922b92f97ec8d6d7e057cf06778247604fbc4e7c3f3/idna-3.19.tar.gz", hash = "sha256:5e0811a4383b21dc5838069f801c4fb62113b7447663d2530d2bd6e77b49bf15", size = 215237, upload-time = "2026-08-18T05:14:24.27Z" }
wheels = [
    { url = "https://files.pythonhosted.org/packages/57/b0/0e52c878c53f245edd3a11020f20979b3f490f245af532c7cae3027754b5/idna-3.19-py3-none-any.whl", hash = "sha256:815e7be7a7806d54abb586dc943addc79e8b2ee16915059658cbeff4b1b43bf4", size = 68550, upload-time = "2026-08-18T05:14:22.343Z" },
]

[[package]]
name = "model-bakery"
version = "1.24.0"
source = { registry = "https://pypi.org/simple" }
dependencies = [
    { name = "django" },
]
sdist = { url = "https://files.pythonhosted.org/packages/f9/49/3e5b51d7af52bf39e348767c1feb16c97d18654a8e3f3306eb4b899e98cf/model_bakery-1.24.0.tar.gz", hash = "sha256:6469223c9fb0eccb021d5c33667b914e9208dd2282d7dc1e55394c2310a7687d", size = 28372, upload-time = "2026-06-23T21:55:23.19Z" }
wheels = [
    { url = "https://files.pythonhosted.org/packages/60/8e/9108507501846c9ee2a1b277d35d1f92ae251852bbd1527f6dbf2665d94a/model_bakery-1.24.0-py3-none-any.whl", hash = "sha256:d1f739cfc43e8d403d04734a18c73c8e677f655dd08719e35342c2f5ada1d7e9", size = 30819, upload-time = "2026-06-23T21:55:21.911Z" },
]

[[package]]
name = "mysqlclient"
version = "2.2.8"
source = { registry = "https://pypi.org/simple" }
sdist = { url = "https://files.pythonhosted.org/packages/eb/b0/9df076488cb2e536d40ce6dbd4273c1f20a386e31ffe6e7cb613902b3c2a/mysqlclient-2.2.8.tar.gz", hash = "sha256:8ed20c5615a915da451bb308c7d0306648a4fd9a2809ba95c992690006306199", size = 92287, upload-time = "2026-02-10T10:58:37.405Z" }
wheels = [
    { url = "https://files.pythonhosted.org/packages/42/44/6ae21b4e8490eb5167d04fa7452c462ffd72a502b96bf531477ef044a380/mysqlclient-2.2.8-cp314-cp314-win_amd64.whl", hash = "sha256:9bed7c8d3b629bdc09e17fb628d5b3b0a5fd1f12b09432b464b9126c727bedc0", size = 211644, upload-time = "2026-02-10T10:58:45.022Z" },
    { url = "https://files.pythonhosted.org/packages/66/e5/037d55623be9f681236e04abe12e1290847c06bd48270c3f19ac33493cbf/mysqlclient-2.2.8-cp314-cp314t-win_amd64.whl", hash = "sha256:260cce0e81446c83bf0a389e0fae38d68547d9f8fc0833bc733014e10ce28a99", size = 213067, upload-time = "2026-02-10T10:58:43.389Z" },
]

[[package]]
name = "puckhate"
version = "1.0.0"
source = { virtual = "." }
dependencies = [
    { name = "django" },
    { name = "django-cors-headers" },
    { name = "django-filter" },
    { name = "djangorestframework" },
    { name = "faker" },
    { name = "gunicorn" },
    { name = "mysqlclient" },
    { name = "redis" },
    { name = "requests" },
    { name = "whitenoise" },
]

[package.dev-dependencies]
dev = [
    { name = "model-bakery" },
    { name = "ruff" },
    { name = "ty" },
]

[package.metadata]
requires-dist = [
    { name = "django", specifier = "<7.0.0" },
    { name = "django-cors-headers" },
    { name = "django-filter" },
    { name = "djangorestframework" },
    { name = "faker" },
    { name = "gunicorn" },
    { name = "mysqlclient" },
    { name = "redis", specifier = ">=8.0.0" },
    { name = "requests" },
    { name = "whitenoise" },
]

[package.metadata.requires-dev]
dev = [
    { name = "model-bakery" },
    { name = "ruff" },
    { name = "ty" },
]

[[package]]
name = "redis"
version = "8.1.0"
source = { registry = "https://pypi.org/simple" }
sdist = { url = "https://files.pythonhosted.org/packages/a8/99/604f0b666d4c616d891cf77ebb9db6bb21601344c051aebf1b72b9ff915f/redis-8.1.0.tar.gz", hash = "sha256:6e1a19beef9225c83efd689c7e6b7da2d5215b1f42cd13b7fc3714d0a09c7b25", size = 5254356, upload-time = "2026-07-30T08:51:00.269Z" }
wheels = [
    { url = "https://files.pythonhosted.org/packages/66/9d/c5731f6e3608663d4d3656fd8d3aecee8b509c3082818f5a13eae925baea/redis-8.1.0-py3-none-any.whl", hash = "sha256:a4fe1aac3d3b3cc791d4b3d5931c5a956045dc951ee74d1c913ee3ac4d2ee9fb", size = 560618, upload-time = "2026-07-30T08:50:58.497Z" },
]

[[package]]
name = "requests"
version = "2.34.2"
source = { registry = "https://pypi.org/simple" }
dependencies = [
    { name = "certifi" },
    { name = "charset-normalizer" },
    { name = "idna" },
    { name = "urllib3" },
]
sdist = { url = "https://files.pythonhosted.org/packages/ac/c3/e2a2b89f2d3e2179abd6d00ebd70bff6273f37fb3e0cc209f48b39d00cbf/requests-2.34.2.tar.gz", hash = "sha256:f288924cae4e29463698d6d60bc6a4da69c89185ad1e0bcc4104f584e960b9ed", size = 142856, upload-time = "2026-05-14T19:25:27.735Z" }
wheels = [
    { url = "https://files.pythonhosted.org/packages/a0/f4/c67b0b3f1b9245e8d266f0f112c500d50e5b4e83cb6f3b71b6528104182a/requests-2.34.2-py3-none-any.whl", hash = "sha256:2a0d60c172f83ac6ab31e4554906c0f3b3588d37b5cb939b1c061f4907e278e0", size = 73075, upload-time = "2026-05-14T19:25:26.443Z" },
]

[[package]]
name = "ruff"
version = "0.16.6"
source = { registry = "https://pypi.org/simple" }
sdist = { url = "https://files.pythonhosted.org/packages/a4/7c/6adb35d70e7c027e308274557901c7e00fb3407750faf3620c184ae058cb/ruff-0.16.6.tar.gz", hash = "sha256:dcf8a73d2ff77e99dde91244b4da16feba7f14e6beeb4015dee7c5a909e99050", size = 4921251, upload-time = "2026-09-03T16:57:29.037Z" }
wheels = [
    { url = "https://files.pythonhosted.org/packages/a4/28/9cc1b79639e284ec103f43c88c644db4eb58cbd0ea1ca11f1193435369ac/ruff-0.16.6-py3-none-linux_armv6l.whl", hash = "sha256:61c368c26bf8e973e5ab14a2772de587bc068ea3f9a277f673380749b4898fb8", size = 10015638, upload-time = "2026-09-03T16:56:40.986Z" },
    { url = "https://files.pythonhosted.org/packages/71/11/627d342ef727ea7794edf74fe23d60a074b02c3acc2e9436684e782286ca/ruff-0.16.6-py3-none-macosx_10_12_x86_64.whl", hash = "sha256:ecf4f068e2e123e43a26e9db4e19524cc56563912404e83bbfca375757e45a32", size = 10220762, upload-time = "2026-09-03T16:56:44.681Z" },
    { url = "https://files.pythonhosted.org/packages/43/d9/b75668ce41e4c8d073d18d6d08672ba6906ce45d5c06ea4fdb2e84ce3853/ruff-0.16.6-py3-none-macosx_11_0_arm64.whl", hash = "sha256:99b62ea33baf130f50368798d841f0d95527b6d817bf31817b65dd058f1d314c", size = 9835082, upload-time = "2026-09-03T16:56:47.142Z" },
    { url = "https://files.pythonhosted.org/packages/99/97/123ab10b05cde889c107c20f5a9774955104b5552796a2a8584b089ae8eb/ruff-0.16.6-py3-none-manylinux_2_17_aarch64.manylinux2014_aarch64.whl", hash = "sha256:7fbf89013f2bb3f6835a6038ff658dc8a1b38c98dc8e724b964168ad4e881876", size = 9949304, upload-time = "2026-09-03T16:56:49.813Z" },
    { url = "https://files.pythonhosted.org/packages/3e/58/a4a2c59dd2e5b85929c912d9cac3056eb9ee8c7e75e9b9fe3e109174966b/ruff-0.16.6-py3-none-manylinux_2_17_armv7l.manylinux2014_armv7l.whl", hash = "sha256:56a67065e22efa6bc4d498299d3bb06c0c90aace8fac2068b5a12f9dc4d8d51d", size = 9840612, upload-time = "2026-09-03T16:56:52.368Z" },
    { url = "https://files.pythonhosted.org/packages/61/6a/ff8c8626a786c4f49d48ced4a752dadbca65f5263005f9c2416578194694/ruff-0.16.6-py3-none-manylinux_2_17_i686.manylinux2014_i686.whl", hash = "sha256:e25cc89174874b176a157e4428d66761c2c0c006654419bf384f967f361ff1b1", size = 10543465, upload-time = "2026-09-03T16:56:55.089Z" },
    { url = "https://files.pythonhosted.org/packages/ad/bb/c47535923365f337b82e28192e4e9eef2176511007cfd99a62fc22df5dad/ruff-0.16.6-py3-none-manylinux_2_17_ppc64le.manylinux2014_ppc64le.whl", hash = "sha256:0700580ed5303723cb3c11c2f1d2a8913ce77b7ea86646dddb887f5417a9ba70", size = 11267576, upload-time = "2026-09-03T16:56:57.791Z" },
    { url = "https://files.pythonhosted.org/packages/ba/50/e5119a5212b5cd63b51e1f4b25e7bd636a6668fc069a3160b108ad7e3c16/ruff-0.16.6-py3-none-manylinux_2_17_s390x.manylinux2014_s390x.whl", hash = "sha256:15f1d0b6e165a6e56567befb6629f8209271311d990bae0f37e6d065035ef5f3", size = 10781993, upload-time = "2026-09-03T16:57:00.666Z" },
    { url = "https://files.pythonhosted.org/packages/8b/98/083d8b4ef3c51a0d19db84367791cbe9f44e4b53343d19dfa83556e1cd9a/ruff-0.16.6-py3-none-manylinux_2_17_x86_64.manylinux2014_x86_64.whl", hash = "sha256:d72c591a96986ee4268860e2b7235082129ca5e4cb9cbba653a4b57c11893757", size = 10317748, upload-time = "2026-09-03T16:57:03.428Z" },
    { url = "https://files.pythonhosted.org/packages/9a/29/68f7ff2c5ad95f19f00627ac2de95644e25fe47371ea60b2db1fd952315e/ruff-0.16.6-py3-none-manylinux_2_31_riscv64.whl", hash = "sha256:65a006baa18f33324325814c864daef03541d51564b98c517610ea756ab7003e", size = 10540096, upload-time = "2026-09-03T16:57:06.182Z" },
    { url = "https://files.pythonhosted.org/packages/c4/f9/79a8f6de85968641d68a7863aeec577551924ef066a990a48ff93167beab/ruff-0.16.6-py3-none-musllinux_1_2_aarch64.whl", hash = "sha256:cd02a7bf1a21a8735228a3e8c95a9dc5cf86bd2a52194f4aaae2a5755b4de0f4", size = 10100494, upload-time = "2026-09-03T16:57:09.194Z" },
    { url = "https://files.pythonhosted.org/packages/d9/e8/b81a22d9b90c00b892ccf2fa2ac36fa95de4c13ab85aea3e73795cfe4651/ruff-0.16.6-py3-none-musllinux_1_2_armv7l.whl", hash = "sha256:31b36f1e5ad85e0737f09d2be4e512e2e283583c14015da3b9dc07359ac0fc88", size = 9843663, upload-time = "2026-09-03T16:57:12.168Z" },
    { url = "https://files.pythonhosted.org/packages/39/aa/54f516ec5e5a11c4afdceb1c454ebb054ffb96e4f4a1705580b4346abd35/ruff-0.16.6-py3-none-musllinux_1_2_i686.whl", hash = "sha256:61029b4ab4aa723fd3064fab96b1d814492596bf0c792679fffcbde1e1679953", size = 10282461, upload-time = "2026-09-03T16:57:15.077Z" },
    { url = "https://files.pythonhosted.org/packages/52/0b/38d0aa8aa32372b96dc44f97b22e576c4147808271aab7b2cb1e353d4445/ruff-0.16.6-py3-none-musllinux_1_2_x86_64.whl", hash = "sha256:9ac8998457832c2061709d900856b7ad271dace0cb41f346588d540162bfa718", size = 10728808, upload-time = "2026-09-03T16:57:17.797Z" },
    { url = "https://files.pythonhosted.org/packages/5e/e5/9e274e24eeb027640ffc7442f21239f16d17f47acec15ae34f32e03a5c79/ruff-0.16.6-py3-none-win32.whl", hash = "sha256:0b87d9d16fcb63e8018423ca1d50b7260f15cb2da33e30db4baad4183a948c25", size = 10049212, upload-time = "2026-09-03T16:57:20.55Z" },
    { url = "https://files.pythonhosted.org/packages/22/31/72472449414223ed1a2da236b992adbb1a2ae59e34794574810f60ce068e/ruff-0.16.6-py3-none-win_amd64.whl", hash = "sha256:10d21c51c3495d8eaea7b703a16592117ea6eb1d649e36335aa965ff1173eb39", size = 10556402, upload-time = "2026-09-03T16:57:23.501Z" },
    { url = "https://files.pythonhosted.org/packages/fc/07/d781f8f8e1ac24bef9f3269cf62ffb1407ca24c3a8f12e5e22874f90528c/ruff-0.16.6-py3-none-win_arm64.whl", hash = "sha256:7a976c79b958f94e50a022a19f0f8c87387448020935ec14fc74331bd0a7f2c5", size = 10412850, upload-time = "2026-09-03T16:57:26.416Z" },
]

[[package]]
name = "sqlparse"
version = "0.6.0"
source = { registry = "https://pypi.org/simple" }
sdist = { url = "https://files.pythonhosted.org/packages/5f/d3/3f06a1006f2261d1342aefb3c71eed02f5d4ca5bdbecd86ebc12ad38306e/sqlparse-0.6.0.tar.gz", hash = "sha256:113c35c75365ab9cc9c7231d68c6428fb11c085fc8e9eb1ad659b7ddbf6cd2b9", size = 178477, upload-time = "2026-08-13T19:16:06.396Z" }
wheels = [
    { url = "https://files.pythonhosted.org/packages/d9/50/f00935da0ec7cbf325f8dc4f772ae46fbc7b672dd62876e73f0a94adda57/sqlparse-0.6.0-py3-none-any.whl", hash = "sha256:b861c0288ce2fa56209a9a6412d2e066ac664b3873b89c26c9d8415e8e32996f", size = 50070, upload-time = "2026-08-13T19:16:04.062Z" },
]

[[package]]
name = "ty"
version = "0.0.79"
source = { registry = "https://pypi.org/simple" }
sdist = { url = "https://files.pythonhosted.org/packages/b5/d3/4fff47468a976c7a5ded9fe350734ca09b9e8460750327f2245ea3288d5d/ty-0.0.79.tar.gz", hash = "sha256:159a1aca70edebae32be08bfba2e5d543ffd8f9f380af160e0e713e85313b733", size = 7162150, upload-time = "2026-09-07T21:51:58.065Z" }
wheels = [
    { url = "https://files.pythonhosted.org/packages/90/a3/2fa5b5495fe37351d77571eb0985476461be02c822bb39ad669b9fdb5bb8/ty-0.0.79-py3-none-linux_armv6l.whl", hash = "sha256:f60d968bbc6d52b663d3df4cae647d3cc68df4a7135bd9098e8d570bf9a5e0da", size = 13557478, upload-time = "2026-09-07T21:51:14.089Z" },
    { url = "https://files.pythonhosted.org/packages/f5/f0/1659a926d2b19351839ca64787e1531c97fbe8bf35c3c47d20954f338428/ty-0.0.79-py3-none-macosx_10_12_x86_64.whl", hash = "sha256:4c95ae0ca67483c4f1231c4b2fd332b76f212e8d93154c385d77511d90dcbd8e", size = 13163780, upload-time = "2026-09-07T21:51:17.066Z" },
    { url = "https://files.pythonhosted.org/packages/e2/b2/e0a8a8cf58b39f0d1f509a22550aed1e2cc12bb4a868170b43aede9fcd93/ty-0.0.79-py3-none-macosx_11_0_arm64.whl", hash = "sha256:685888adb29b6e732ee325c6b6db92a422f72f3e4031c12450728c846e5e93fe", size = 12964040, upload-time = "2026-09-07T21:51:19.818Z" },
    { url = "https://files.pythonhosted.org/packages/88/a7/7d8fb6c958d88a63ad932421eff8848267bb9229136ef65d9f372aa2be7a/ty-0.0.79-py3-none-manylinux_2_17_aarch64.manylinux2014_aarch64.whl", hash = "sha256:b0535640db5dc02f9e14bf419ad2cf3acdd49681e70f233c96e96d16cfcefc00", size = 13010025, upload-time = "2026-09-07T21:51:22.468Z" },
    { url = "https://files.pythonhosted.org/packages/e3/4c/94aee26446f058e67b2c8ef0b25bdc1cf555e40eb692112d7a609f30c238/ty-0.0.79-py3-none-manylinux_2_17_armv7l.manylinux2014_armv7l.whl", hash = "sha256:48cb24e21488f9d11cffa81d5a5f71f314c87383b7a5d28dabe6feaa3f3d7a34", size = 13332191, upload-time = "2026-09-07T21:51:25.031Z" },
    { url = "https://files.pythonhosted.org/packages/6c/21/9e7c0415fa6275500f10ce13f2bad62e03211ba5f3ea61a702d819328407/ty-0.0.79-py3-none-manylinux_2_17_i686.manylinux2014_i686.whl", hash = "sha256:1a35b3b116a591a68da5958c082247f0c3a50f134d0a60ff45d060eb3d2ad612", size = 14153955, upload-time = "2026-09-07T21:51:27.421Z" },
    { url = "https://files.pythonhosted.org/packages/0d/5f/b27b510f973a314200cfda4f0500de3c65f6caa45a590355f6acc5e96289/ty-0.0.79-py3-none-manylinux_2_17_ppc64le.manylinux2014_ppc64le.whl", hash = "sha256:fcb760f059d660dfd5c9c6c33609478a267c3185c7448d72e6f7ff4572796bae", size = 14594578, upload-time = "2026-09-07T21:51:30.345Z" },
    { url = "https://files.pythonhosted.org/packages/a6/fa/0ccc2e510c1c24682ae21c836c09be6dcf0b1aacab071c51a297d301601f/ty-0.0.79-py3-none-manylinux_2_17_s390x.manylinux2014_s390x.whl", hash = "sha256:fcdc1ae0c740f9b6d6536ffecf485616a8909bed5de88c6e870a65546a6a2d91", size = 14266409, upload-time = "2026-09-07T21:51:32.868Z" },
    { url = "https://files.pythonhosted.org/packages/e8/c3/3a404d44e9768578daf7dfda06cba714eda6feac53272eda295947a8d4c7/ty-0.0.79-py3-none-manylinux_2_17_x86_64.manylinux2014_x86_64.whl", hash = "sha256:0c1e77d58e192c81b958783328b303ceda8706328a307c852ceb257505765458", size = 13658441, upload-time = "2026-09-07T21:51:35.283Z" },
    { url = "https://files.pythonhosted.org/packages/f6/23/b90a512055fdf6356e95c0f745cb9b443b9a4ac9d3a79f07ae6ed53ae9ca/ty-0.0.79-py3-none-manylinux_2_31_riscv64.whl", hash = "sha256:a87f52183b976d9eda5fad28405b37621a265c3de5e9e279660556c715ed1805", size = 14195669, upload-time = "2026-09-07T21:51:37.848Z" },
    { url = "https://files.pythonhosted.org/packages/b0/05/d051248dcff852e8a3165a2feb164dc5b857ef237fa82e7ea2b3b7bac375/ty-0.0.79-py3-none-musllinux_1_2_aarch64.whl", hash = "sha256:fb429a44bc9e90649e69f739d70db4a305102a36586a810caee00c984c379997", size = 13127929, upload-time = "2026-09-07T21:51:40.431Z" },
    { url = "https://files.pythonhosted.org/packages/5a/d1/60b5c980df55b1d5010a41b10d7c8cf6111b5d02ec0807f6f782bb3d88aa/ty-0.0.79-py3-none-musllinux_1_2_armv7l.whl", hash = "sha256:1d857fa34d60b0981cf12ca19180ae5de70dd46306a9277bee772bb09e82ae5c", size = 13334425, upload-time = "2026-09-07T21:51:42.956Z" },
    { url = "https://files.pythonhosted.org/packages/9b/3c/fcbfa731128f06b1c9be5074f51ce47da06842dc8f33c81e7c1c483b6e91/ty-0.0.79-py3-none-musllinux_1_2_i686.whl", hash = "sha256:a95cffa2f30289b0b949db7611ae96ede0352f0f1d7ba07ea7cabb27616fccb9", size = 13629671, upload-time = "2026-09-07T21:51:45.467Z" },
    { url = "https://files.pythonhosted.org/packages/0e/00/3004a1d375c2a835c7dbf01c480205a190f24b74c8b5c849fd2dbe078d69/ty-0.0.79-py3-none-musllinux_1_2_x86_64.whl", hash = "sha256:d33df0f1bdee62dc366551d35b9830b1fa2e9ee2936a437abd435f71b3fce73e", size = 13939769, upload-time = "2026-09-07T21:51:48.033Z" },
    { url = "https://files.pythonhosted.org/packages/10/7d/f357f5768872ffa3a026707477a880aba7582af5f6c7c7eab74f61167f3d/ty-0.0.79-py3-none-win32.whl", hash = "sha256:ca266de079a187ed6f0f5b802f6fc3b26164753c7347a04daed21d86c938d33d", size = 12833644, upload-time = "2026-09-07T21:51:50.766Z" },
    { url = "https://files.pythonhosted.org/packages/f9/f5/2a2d967be6286ee8fb626161e610fd48624ba5e6712cea932adb2d6b40b6/ty-0.0.79-py3-none-win_amd64.whl", hash = "sha256:88cb357d36ad79181015581365769fff4b1ec580cd12de83addfa98663214fd3", size = 13494258, upload-time = "2026-09-07T21:51:53.105Z" },
    { url = "https://files.pythonhosted.org/packages/8b/74/49b88f104f88d9757497758bf57ba53e3612442b49500d1092d4d6f1daa3/ty-0.0.79-py3-none-win_arm64.whl", hash = "sha256:d29da73f2840ae2631bc62ef8f8d509a94edea596e5b3072851f67e4729d744c", size = 13327517, upload-time = "2026-09-07T21:51:55.602Z" },
]

[[package]]
name = "tzdata"
version = "2026.3"
source = { registry = "https://pypi.org/simple" }
sdist = { url = "https://files.pythonhosted.org/packages/92/ff/5a28bdfd8c3ebec42564ac7d0e54ca3db65044a9314a97f9564fa7a1e926/tzdata-2026.3.tar.gz", hash = "sha256:4a1518b8993086a7982523e071643f3c0e5f213e75b21318e78bcabfff9d1415", size = 198674, upload-time = "2026-07-10T08:50:37.887Z" }
wheels = [
    { url = "https://files.pythonhosted.org/packages/e5/6d/b53b99a9f2766d095985947a5782f1702cabb129a34f7a802d7197af832f/tzdata-2026.3-py2.py3-none-any.whl", hash = "sha256:dc096730c87af6cab1b171c9d532be840741ff5d459015e7f6947bd7d7e54931", size = 348168, upload-time = "2026-07-10T08:50:36.46Z" },
]

[[package]]
name = "urllib3"
version = "2.7.0"
source = { registry = "https://pypi.org/simple" }
sdist = { url = "https://files.pythonhosted.org/packages/53/0c/06f8b233b8fd13b9e5ee11424ef85419ba0d8ba0b3138bf360be2ff56953/urllib3-2.7.0.tar.gz", hash = "sha256:231e0ec3b63ceb14667c67be60f2f2c40a518cb38b03af60abc813da26505f4c", size = 433602, upload-time = "2026-05-07T16:13:18.596Z" }
wheels = [
    { url = "https://files.pythonhosted.org/packages/7f/3e/5db95bcf282c52709639744ca2a8b149baccf648e39c8cc87553df9eae0c/urllib3-2.7.0-py3-none-any.whl", hash = "sha256:9fb4c81ebbb1ce9531cce37674bbc6f1360472bc18ca9a553ede278ef7276897", size = 131087, upload-time = "2026-05-07T16:13:17.151Z" },
]

[[package]]
name = "whitenoise"
version = "6.12.0"
source = { registry = "https://pypi.org/simple" }
sdist = { url = "https://files.pythonhosted.org/packages/cb/2a/55b3f3a4ec326cd077c1c3defeee656b9298372a69229134d930151acd01/whitenoise-6.12.0.tar.gz", hash = "sha256:f723ebb76a112e98816ff80fcea0a6c9b8ecde835f8ddda25df7a30a3c2db6ad", size = 26841, upload-time = "2026-02-27T00:05:42.028Z" }
wheels = [
    { url = "https://files.pythonhosted.org/packages/db/eb/d5583a11486211f3ebd4b385545ae787f32363d453c19fffd81106c9c138/whitenoise-6.12.0-py3-none-any.whl", hash = "sha256:fc5e8c572e33ebf24795b47b6a7da8da3c00cff2349f5b04c02f28d0cc5a3cc2", size = 20302, upload-time = "2026-02-27T00:05:40.086Z" },
]
